// !$*UTF8*$!
{
	archiveVersion = 1;
	classes = {
	};
	objectVersion = 46;
	objects = {

/* Begin PBXBuildFile section */
		375C18FD1981B1D900224BA8 /* Foundation.framework in Frameworks */ = {isa = PBXBuildFile; fileRef = 375C18FC1981B1D900224BA8 /* Foundation.framework */; };
		375C18FF1981B1D900224BA8 /* CoreGraphics.framework in Frameworks */ = {isa = PBXBuildFile; fileRef = 375C18FE1981B1D900224BA8 /* CoreGraphics.framework */; };
		375C19011981B1D900224BA8 /* UIKit.framework in Frameworks */ = {isa = PBXBuildFile; fileRef = 375C19001981B1D900224BA8 /* UIKit.framework */; };
		375C19071981B1D900224BA8 /* InfoPlist.strings in Resources */ = {isa = PBXBuildFile; fileRef = 375C19051981B1D900224BA8 /* InfoPlist.strings */; };
		375C19091981B1D900224BA8 /* main.m in Sources */ = {isa = PBXBuildFile; fileRef = 375C19081981B1D900224BA8 /* main.m */; };
		375C190D1981B1D900224BA8 /* AppDelegate.m in Sources */ = {isa = PBXBuildFile; fileRef = 375C190C1981B1D900224BA8 /* AppDelegate.m */; };
		375C19101981B1D900224BA8 /* Main.storyboard in Resources */ = {isa = PBXBuildFile; fileRef = 375C190E1981B1D900224BA8 /* Main.storyboard */; };
		375C19131981B1D900224BA8 /* ViewController.m in Sources */ = {isa = PBXBuildFile; fileRef = 375C19121981B1D900224BA8 /* ViewController.m */; };
		375C19151981B1D900224BA8 /* Images.xcassets in Resources */ = {isa = PBXBuildFile; fileRef = 375C19141981B1D900224BA8 /* Images.xcassets */; };
		375C191C1981B1D900224BA8 /* XCTest.framework in Frameworks */ = {isa = PBXBuildFile; fileRef = 375C191B1981B1D900224BA8 /* XCTest.framework */; };
		375C191D1981B1D900224BA8 /* Foundation.framework in Frameworks */ = {isa = PBXBuildFile; fileRef = 375C18FC1981B1D900224BA8 /* Foundation.framework */; };
		375C191E1981B1D900224BA8 /* UIKit.framework in Frameworks */ = {isa = PBXBuildFile; fileRef = 375C19001981B1D900224BA8 /* UIKit.framework */; };
		375C19261981B1D900224BA8 /* InfoPlist.strings in Resources */ = {isa = PBXBuildFile; fileRef = 375C19241981B1D900224BA8 /* InfoPlist.strings */; };
		375C19281981B1D900224BA8 /* TicTacToeTests.m in Sources */ = {isa = PBXBuildFile; fileRef = 375C19271981B1D900224BA8 /* TicTacToeTests.m */; };
		375C19421984B82D00224BA8 /* CheckMate.framework in Frameworks */ = {isa = PBXBuildFile; fileRef = 375C19411984B82D00224BA8 /* CheckMate.framework */; };
/* End PBXBuildFile section */

/* Begin PBXContainerItemProxy section */
		375C191F1981B1D900224BA8 /* PBXContainerItemProxy */ = {
			isa = PBXContainerItemProxy;
			containerPortal = 375C18F11981B1D900224BA8 /* Project object */;
			proxyType = 1;
			remoteGlobalIDString = 375C18F81981B1D900224BA8;
			remoteInfo = TicTacToe;
		};
/* End PBXContainerItemProxy section */

/* Begin PBXFileReference section */
		375C18F91981B1D900224BA8 /* TicTacToe.app */ = {isa = PBXFileReference; explicitFileType = wrapper.application; includeInIndex = 0; path = TicTacToe.app; sourceTree = BUILT_PRODUCTS_DIR; };
		375C18FC1981B1D900224BA8 /* Foundation.framework */ = {isa = PBXFileReference; lastKnownFileType = wrapper.framework; name = Foundation.framework; path = System/Library/Frameworks/Foundation.framework; sourceTree = SDKROOT; };
		375C18FE1981B1D900224BA8 /* CoreGraphics.framework */ = {isa = PBXFileReference; lastKnownFileType = wrapper.framework; name = CoreGraphics.framework; path = System/Library/Frameworks/CoreGraphics.framework; sourceTree = SDKROOT; };
		375C19001981B1D900224BA8 /* UIKit.framework */ = {isa = PBXFileReference; lastKnownFileType = wrapper.framework; name = UIKit.framework; path = System/Library/Frameworks/UIKit.framework; sourceTree = SDKROOT; };
		375C19041981B1D900224BA8 /* TicTacToe-Info.plist */ = {isa = PBXFileReference; lastKnownFileType = text.plist.xml; path = "TicTacToe-Info.plist"; sourceTree = "<group>"; };
		375C19061981B1D900224BA8 /* en */ = {isa = PBXFileReference; lastKnownFileType = text.plist.strings; name = en; path = en.lproj/InfoPlist.strings; sourceTree = "<group>"; };
		375C19081981B1D900224BA8 /* main.m */ = {isa = PBXFileReference; lastKnownFileType = sourcecode.c.objc; path = main.m; sourceTree = "<group>"; };
		375C190A1981B1D900224BA8 /* TicTacToe-Prefix.pch */ = {isa = PBXFileReference; lastKnownFileType = sourcecode.c.h; path = "TicTacToe-Prefix.pch"; sourceTree = "<group>"; };
		375C190B1981B1D900224BA8 /* AppDelegate.h */ = {isa = PBXFileReference; lastKnownFileType = sourcecode.c.h; path = AppDelegate.h; sourceTree = "<group>"; };
		375C190C1981B1D900224BA8 /* AppDelegate.m */ = {isa = PBXFileReference; lastKnownFileType = sourcecode.c.objc; path = AppDelegate.m; sourceTree = "<group>"; };
		375C190F1981B1D900224BA8 /* Base */ = {isa = PBXFileReference; lastKnownFileType = file.storyboard; name = Base; path = Base.lproj/Main.storyboard; sourceTree = "<group>"; };
		375C19111981B1D900224BA8 /* ViewController.h */ = {isa = PBXFileReference; lastKnownFileType = sourcecode.c.h; path = ViewController.h; sourceTree = "<group>"; };
		375C19121981B1D900224BA8 /* ViewController.m */ = {isa = PBXFileReference; lastKnownFileType = sourcecode.c.objc; path = ViewController.m; sourceTree = "<group>"; };
		375C19141981B1D900224BA8 /* Images.xcassets */ = {isa = PBXFileReference; lastKnownFileType = folder.assetcatalog; path = Images.xcassets; sourceTree = "<group>"; };
		375C191A1981B1D900224BA8 /* TicTacToeTests.xctest */ = {isa = PBXFileReference; explicitFileType = wrapper.cfbundle; includeInIndex = 0; path = TicTacToeTests.xctest; sourceTree = BUILT_PRODUCTS_DIR; };
		375C191B1981B1D900224BA8 /* XCTest.framework */ = {isa = PBXFileReference; lastKnownFileType = wrapper.framework; name = XCTest.framework; path = Library/Frameworks/XCTest.framework; sourceTree = DEVELOPER_DIR; };
		375C19231981B1D900224BA8 /* TicTacToeTests-Info.plist */ = {isa = PBXFileReference; lastKnownFileType = text.plist.xml; path = "TicTacToeTests-Info.plist"; sourceTree = "<group>"; };
		375C19251981B1D900224BA8 /* en */ = {isa = PBXFileReference; lastKnownFileType = text.plist.strings; name = en; path = en.lproj/InfoPlist.strings; sourceTree = "<group>"; };
		375C19271981B1D900224BA8 /* TicTacToeTests.m */ = {isa = PBXFileReference; lastKnownFileType = sourcecode.c.objc; path = TicTacToeTests.m; sourceTree = "<group>"; };
		375C19411984B82D00224BA8 /* CheckMate.framework */ = {isa = PBXFileReference; lastKnownFileType = wrapper.framework; path = CheckMate.framework; sourceTree = "<group>"; };
/* End PBXFileReference section */

/* Begin PBXFrameworksBuildPhase section */
		375C18F61981B1D900224BA8 /* Frameworks */ = {
			isa = PBXFrameworksBuildPhase;
			buildActionMask = 2147483647;
			files = (
				375C19421984B82D00224BA8 /* CheckMate.framework in Frameworks */,
				375C18FF1981B1D900224BA8 /* CoreGraphics.framework in Frameworks */,
				375C19011981B1D900224BA8 /* UIKit.framework in Frameworks */,
				375C18FD1981B1D900224BA8 /* Foundation.framework in Frameworks */,
			);
			runOnlyForDeploymentPostprocessing = 0;
		};
		375C19171981B1D900224BA8 /* Frameworks */ = {
			isa = PBXFrameworksBuildPhase;
			buildActionMask = 2147483647;
			files = (
				375C191C1981B1D900224BA8 /* XCTest.framework in Frameworks */,
				375C191E1981B1D900224BA8 /* UIKit.framework in Frameworks */,
				375C191D1981B1D900224BA8 /* Foundation.framework in Frameworks */,
			);
			runOnlyForDeploymentPostprocessing = 0;
		};
/* End PBXFrameworksBuildPhase section */

/* Begin PBXGroup section */
		375C18F01981B1D900224BA8 = {
			isa = PBXGroup;
			children = (
				375C19021981B1D900224BA8 /* TicTacToe */,
				375C19211981B1D900224BA8 /* TicTacToeTests */,
				375C18FB1981B1D900224BA8 /* Frameworks */,
				375C18FA1981B1D900224BA8 /* Products */,
			);
			sourceTree = "<group>";
		};
		375C18FA1981B1D900224BA8 /* Products */ = {
			isa = PBXGroup;
			children = (
				375C18F91981B1D900224BA8 /* TicTacToe.app */,
				375C191A1981B1D900224BA8 /* TicTacToeTests.xctest */,
			);
			name = Products;
			sourceTree = "<group>";
		};
		375C18FB1981B1D900224BA8 /* Frameworks */ = {
			isa = PBXGroup;
			children = (
				375C19411984B82D00224BA8 /* CheckMate.framework */,
				375C18FC1981B1D900224BA8 /* Foundation.framework */,
				375C18FE1981B1D900224BA8 /* CoreGraphics.framework */,
				375C19001981B1D900224BA8 /* UIKit.framework */,
				375C191B1981B1D900224BA8 /* XCTest.framework */,
			);
			name = Frameworks;
			sourceTree = "<group>";
		};
		375C19021981B1D900224BA8 /* TicTacToe */ = {
			isa = PBXGroup;
			children = (
				375C190B1981B1D900224BA8 /* AppDelegate.h */,
				375C190C1981B1D900224BA8 /* AppDelegate.m */,
				375C190E1981B1D900224BA8 /* Main.storyboard */,
				375C19111981B1D900224BA8 /* ViewController.h */,
				375C19121981B1D900224BA8 /* ViewController.m */,
				375C19141981B1D900224BA8 /* Images.xcassets */,
				375C19031981B1D900224BA8 /* Supporting Files */,
			);
			path = TicTacToe;
			sourceTree = "<group>";
		};
		375C19031981B1D900224BA8 /* Supporting Files */ = {
			isa = PBXGroup;
			children = (
				375C19041981B1D900224BA8 /* TicTacToe-Info.plist */,
				375C19051981B1D900224BA8 /* InfoPlist.strings */,
				375C19081981B1D900224BA8 /* main.m */,
				375C190A1981B1D900224BA8 /* TicTacToe-Prefix.pch */,
			);
			name = "Supporting Files";
			sourceTree = "<group>";
		};
		375C19211981B1D900224BA8 /* TicTacToeTests */ = {
			isa = PBXGroup;
			children = (
				375C19271981B1D900224BA8 /* TicTacToeTests.m */,
				375C19221981B1D900224BA8 /* Supporting Files */,
			);
			path = TicTacToeTests;
			sourceTree = "<group>";
		};
		375C19221981B1D900224BA8 /* Supporting Files */ = {
			isa = PBXGroup;
			children = (
				375C19231981B1D900224BA8 /* TicTacToeTests-Info.plist */,
				375C19241981B1D900224BA8 /* InfoPlist.strings */,
			);
			name = "Supporting Files";
			sourceTree = "<group>";
		};
/* End PBXGroup section */

/* Begin PBXNativeTarget section */
		375C18F81981B1D900224BA8 /* TicTacToe */ = {
			isa = PBXNativeTarget;
			buildConfigurationList = 375C192B1981B1D900224BA8 /* Build configuration list for PBXNativeTarget "TicTacToe" */;
			buildPhases = (
				375C18F51981B1D900224BA8 /* Sources */,
				375C18F61981B1D900224BA8 /* Frameworks */,
				375C18F71981B1D900224BA8 /* Resources */,
			);
			buildRules = (
			);
			dependencies = (
			);
			name = TicTacToe;
			productName = TicTacToe;
			productReference = 375C18F91981B1D900224BA8 /* TicTacToe.app */;
			productType = "com.apple.product-type.application";
		};
		375C19191981B1D900224BA8 /* TicTacToeTests */ = {
			isa = PBXNativeTarget;
			buildConfigurationList = 375C192E1981B1D900224BA8 /* Build configuration list for PBXNativeTarget "TicTacToeTests" */;
			buildPhases = (
				375C19161981B1D900224BA8 /* Sources */,
				375C19171981B1D900224BA8 /* Frameworks */,
				375C19181981B1D900224BA8 /* Resources */,
			);
			buildRules = (
			);
			dependencies = (
				375C19201981B1D900224BA8 /* PBXTargetDependency */,
			);
			name = TicTacToeTests;
			productName = TicTacToeTests;
			productReference = 375C191A1981B1D900224BA8 /* TicTacToeTests.xctest */;
			productType = "com.apple.product-type.bundle.unit-test";
		};
/* End PBXNativeTarget section */

/* Begin PBXProject section */
		375C18F11981B1D900224BA8 /* Project object */ = {
			isa = PBXProject;
			attributes = {
				LastUpgradeCheck = 0510;
				ORGANIZATIONNAME = "Nicolas Semenas";
				TargetAttributes = {
					375C19191981B1D900224BA8 = {
						TestTargetID = 375C18F81981B1D900224BA8;
					};
				};
			};
			buildConfigurationList = 375C18F41981B1D900224BA8 /* Build configuration list for PBXProject "TicTacToe" */;
			compatibilityVersion = "Xcode 3.2";
			developmentRegion = English;
			hasScannedForEncodings = 0;
			knownRegions = (
				en,
				Base,
			);
			mainGroup = 375C18F01981B1D900224BA8;
			productRefGroup = 375C18FA1981B1D900224BA8 /* Products */;
			projectDirPath = "";
			projectRoot = "";
			targets = (
				375C18F81981B1D900224BA8 /* TicTacToe */,
				375C19191981B1D900224BA8 /* TicTacToeTests */,
			);
		};
/* End PBXProject section */

/* Begin PBXResourcesBuildPhase section */
		375C18F71981B1D900224BA8 /* Resources */ = {
			isa = PBXResourcesBuildPhase;
			buildActionMask = 2147483647;
			files = (
				375C19151981B1D900224BA8 /* Images.xcassets in Resources */,
				375C19071981B1D900224BA8 /* InfoPlist.strings in Resources */,
				375C19101981B1D900224BA8 /* Main.storyboard in Resources */,
			);
			runOnlyForDeploymentPostprocessing = 0;
		};
		375C19181981B1D900224BA8 /* Resources */ = {
			isa = PBXResourcesBuildPhase;
			buildActionMask = 2147483647;
			files = (
				375C19261981B1D900224BA8 /* InfoPlist.strings in Resources */,
			);
			runOnlyForDeploymentPostprocessing = 0;
		};
/* End PBXResourcesBuildPhase section */

/* Begin PBXSourcesBuildPhase section */
		375C18F51981B1D900224BA8 /* Sources */ = {
			isa = PBXSourcesBuildPhase;
			buildActionMask = 2147483647;
			files = (
				375C19131981B1D900224BA8 /* ViewController.m in Sources */,
				375C190D1981B1D900224BA8 /* AppDelegate.m in Sources */,
				375C19091981B1D900224BA8 /* main.m in Sources */,
			);
			runOnlyForDeploymentPostprocessing = 0;
		};
		375C19161981B1D900224BA8 /* Sources */ = {
			isa = PBXSourcesBuildPhase;
			buildActionMask = 2147483647;
			files = (
				375C19281981B1D900224BA8 /* TicTacToeTests.m in Sources */,
			);
			runOnlyForDeploymentPostprocessing = 0;
		};
/* End PBXSourcesBuildPhase section */

/* Begin PBXTargetDependency section */
		375C19201981B1D900224BA8 /* PBXTargetDependency */ = {
			isa = PBXTargetDependency;
			target = 375C18F81981B1D900224BA8 /* TicTacToe */;
			targetProxy = 375C191F1981B1D900224BA8 /* PBXContainerItemProxy */;
		};
/* End PBXTargetDependency section */

/* Begin PBXVariantGroup section */
		375C19051981B1D900224BA8 /* InfoPlist.strings */ = {
			isa = PBXVariantGroup;
			children = (
				375C19061981B1D900224BA8 /* en */,
			);
			name = InfoPlist.strings;
			sourceTree = "<group>";
		};
		375C190E1981B1D900224BA8 /* Main.storyboard */ = {
			isa = PBXVariantGroup;
			children = (
				375C190F1981B1D900224BA8 /* Base */,
			);
			name = Main.storyboard;
			sourceTree = "<group>";
		};
		375C19241981B1D900224BA8 /* InfoPlist.strings */ = {
			isa = PBXVariantGroup;
			children = (
				375C19251981B1D900224BA8 /* en */,
			);
			name = InfoPlist.strings;
			sourceTree = "<group>";
		};
/* End PBXVariantGroup section */

/* Begin XCBuildConfiguration section */
		375C19291981B1D900224BA8 /* Debug */ = {
			isa = XCBuildConfiguration;
			buildSettings = {
				ALWAYS_SEARCH_USER_PATHS = NO;
				CLANG_CXX_LANGUAGE_STANDARD = "gnu++0x";
				CLANG_CXX_LIBRARY = "libc++";
				CLANG_ENABLE_MODULES = YES;
				CLANG_ENABLE_OBJC_ARC = YES;
				CLANG_WARN_BOOL_CONVERSION = YES;
				CLANG_WARN_CONSTANT_CONVERSION = YES;
				CLANG_WARN_DIRECT_OBJC_ISA_USAGE = YES_ERROR;
				CLANG_WARN_EMPTY_BODY = YES;
				CLANG_WARN_ENUM_CONVERSION = YES;
				CLANG_WARN_INT_CONVERSION = YES;
				CLANG_WARN_OBJC_ROOT_CLASS = YES_ERROR;
				CLANG_WARN__DUPLICATE_METHOD_MATCH = YES;
				"CODE_SIGN_IDENTITY[sdk=iphoneos*]" = "iPhone Developer";
				COPY_PHASE_STRIP = NO;
				GCC_C_LANGUAGE_STANDARD = gnu99;
				GCC_DYNAMIC_NO_PIC = NO;
				GCC_OPTIMIZATION_LEVEL = 0;
				GCC_PREPROCESSOR_DEFINITIONS = (
					"DEBUG=1",
					"$(inherited)",
				);
				GCC_SYMBOLS_PRIVATE_EXTERN = NO;
				GCC_WARN_64_TO_32_BIT_CONVERSION = YES;
				GCC_WARN_ABOUT_RETURN_TYPE = YES_ERROR;
				GCC_WARN_UNDECLARED_SELECTOR = YES;
				GCC_WARN_UNINITIALIZED_AUTOS = YES_AGGRESSIVE;
				GCC_WARN_UNUSED_FUNCTION = YES;
				GCC_WARN_UNUSED_VARIABLE = YES;
				IPHONEOS_DEPLOYMENT_TARGET = 7.1;
				ONLY_ACTIVE_ARCH = YES;
				SDKROOT = iphoneos;
			};
			name = Debug;
		};
		375C192A1981B1D900224BA8 /* Release */ = {
			isa = XCBuildConfiguration;
			buildSettings = {
				ALWAYS_SEARCH_USER_PATHS = NO;
				CLANG_CXX_LANGUAGE_STANDARD = "gnu++0x";
				CLANG_CXX_LIBRARY = "libc++";
				CLANG_ENABLE_MODULES = YES;
				CLANG_ENABLE_OBJC_ARC = YES;
				CLANG_WARN_BOOL_CONVERSION = YES;
				CLANG_WARN_CONSTANT_CONVERSION = YES;
				CLANG_WARN_DIRECT_OBJC_ISA_USAGE = YES_ERROR;
				CLANG_WARN_EMPTY_BODY = YES;
				CLANG_WARN_ENUM_CONVERSION = YES;
				CLANG_WARN_INT_CONVERSION = YES;
				CLANG_WARN_OBJC_ROOT_CLASS = YES_ERROR;
				CLANG_WARN__DUPLICATE_METHOD_MATCH = YES;
				"CODE_SIGN_IDENTITY[sdk=iphoneos*]" = "iPhone Developer";
				COPY_PHASE_STRIP = YES;
				ENABLE_NS_ASSERTIONS = NO;
				GCC_C_LANGUAGE_STANDARD = gnu99;
				GCC_WARN_64_TO_32_BIT_CONVERSION = YES;
				GCC_WARN_ABOUT_RETURN_TYPE = YES_ERROR;
				GCC_WARN_UNDECLARED_SELECTOR = YES;
				GCC_WARN_UNINITIALIZED_AUTOS = YES_AGGRESSIVE;
				GCC_WARN_UNUSED_FUNCTION = YES;
				GCC_WARN_UNUSED_VARIABLE = YES;
				IPHONEOS_DEPLOYMENT_TARGET = 7.1;
				SDKROOT = iphoneos;
				VALIDATE_PRODUCT = YES;
			};
			name = Release;
		};
		375C192C1981B1D900224BA8 /* Debug */ = {
			isa = XCBuildConfiguration;
			buildSettings = {
				ASSETCATALOG_COMPILER_APPICON_NAME = AppIcon;
				ASSETCATALOG_COMPILER_LAUNCHIMAGE_NAME = LaunchImage;
				FRAMEWORK_SEARCH_PATHS = (
					"$(inherited)",
					"$(PROJECT_DIR)",
				);
				GCC_PRECOMPILE_PREFIX_HEADER = YES;
				GCC_PREFIX_HEADER = "TicTacToe/TicTacToe-Prefix.pch";
				INFOPLIST_FILE = "TicTacToe/TicTacToe-Info.plist";
				LIBRARY_SEARCH_PATHS = (
					"$(inherited)",
					"$(PROJECT_DIR)",
				);
				PRODUCT_NAME = "$(TARGET_NAME)";
				WRAPPER_EXTENSION = app;
			};
			name = Debug;
		};
		375C192D1981B1D900224BA8 /* Release */ = {
			isa = XCBuildConfiguration;
			buildSettings = {
				ASSETCATALOG_COMPILER_APPICON_NAME = AppIcon;
				ASSETCATALOG_COMPILER_LAUNCHIMAGE_NAME = LaunchImage;
				FRAMEWORK_SEARCH_PATHS = (
					"$(inherited)",
					"$(PROJECT_DIR)",
				);
				GCC_PRECOMPILE_PREFIX_HEADER = YES;
				GCC_PREFIX_HEADER = "TicTacToe/TicTacToe-Prefix.pch";
				INFOPLIST_FILE = "TicTacToe/TicTacToe-Info.plist";
				LIBRARY_SEARCH_PATHS = (
					"$(inherited)",
					"$(PROJECT_DIR)",
				);
				PRODUCT_NAME = "$(TARGET_NAME)";
				WRAPPER_EXTENSION = app;
			};
			name = Release;
		};
		375C192F1981B1D900224BA8 /* Debug */ = {
			isa = XCBuildConfiguration;
			buildSettings = {
				BUNDLE_LOADER = "$(BUILT_PRODUCTS_DIR)/TicTacToe.app/TicTacToe";
				FRAMEWORK_SEARCH_PATHS = (
					"$(SDKROOT)/Developer/Library/Frameworks",
					"$(inherited)",
					"$(DEVELOPER_FRAMEWORKS_DIR)",
				);
				GCC_PRECOMPILE_PREFIX_HEADER = YES;
				GCC_PREFIX_HEADER = "TicTacToe/TicTacToe-Prefix.pch";
				GCC_PREPROCESSOR_DEFINITIONS = (
					"DEBUG=1",
					"$(inherited)",
				);
				INFOPLIST_FILE = "TicTacToeTests/TicTacToeTests-Info.plist";
				PRODUCT_NAME = "$(TARGET_NAME)";
				TEST_HOST = "$(BUNDLE_LOADER)";
				WRAPPER_EXTENSION = xctest;
			};
			name = Debug;
		};
		375C19301981B1D900224BA8 /* Release */ = {
			isa = XCBuildConfiguration;
			buildSettings = {
				BUNDLE_LOADER = "$(BUILT_PRODUCTS_DIR)/TicTacToe.app/TicTacToe";
				FRAMEWORK_SEARCH_PATHS = (
					"$(SDKROOT)/Developer/Library/Frameworks",
					"$(inherited)",
					"$(DEVELOPER_FRAMEWORKS_DIR)",
				);
				GCC_PRECOMPILE_PREFIX_HEADER = YES;
				GCC_PREFIX_HEADER = "TicTacToe/TicTacToe-Prefix.pch";
				INFOPLIST_FILE = "TicTacToeTests/TicTacToeTests-Info.plist";
				PRODUCT_NAME = "$(TARGET_NAME)";
				TEST_HOST = "$(BUNDLE_LOADER)";
				WRAPPER_EXTENSION = xctest;
			};
			name = Release;
		};
/* End XCBuildConfiguration section */

/* Begin XCConfigurationList section */
		375C18F41981B1D900224BA8 /* Build configuration list for PBXProject "TicTacToe" */ = {
			isa = XCConfigurationList;
			buildConfigurations = (
				375C19291981B1D900224BA8 /* Debug */,
				375C192A1981B1D900224BA8 /* Release */,
			);
			defaultConfigurationIsVisible = 0;
			defaultConfigurationName = Release;
		};
		375C192B1981B1D900224BA8 /* Build configuration list for PBXNativeTarget "TicTacToe" */ = {
			isa = XCConfigurationList;
			buildConfigurations = (
				375C192C1981B1D900224BA8 /* Debug */,
				375C192D1981B1D900224BA8 /* Release */,
			);
			defaultConfigurationIsVisible = 0;
			defaultConfigurationName = Release;
		};
		375C192E1981B1D900224BA8 /* Build configuration list for PBXNativeTarget "TicTacToeTests" */ = {
			isa = XCConfigurationList;
			buildConfigurations = (
				375C192F1981B1D900224BA8 /* Debug */,
				375C19301981B1D900224BA8 /* Release */,
			);
			defaultConfigurationIsVisible = 0;
			defaultConfigurationName = Release;
		};
/* End XCConfigurationList section */
	};
	rootObject = 375C18F11981B1D900224BA8 /* Project object */;
}
